
Microsoft Visual Studio Solution File, Format Version 12.00
# Visual Studio 14
VisualStudioVersion = 14.0.25420.1
MinimumVisualStudioVersion = 10.0.40219.1
Project("{FAE04EC0-301F-11D3-BF4B-00C04F79EFBC}") = "Proxy", "Proxy\Proxy.csproj", "{33310B91-BBD7-497F-A242-0AD485B9C9B2}"
EndProject
Project("{FAE04EC0-301F-11D3-BF4B-00C04F79EFBC}") = "CommonLibrary", "CommonLibrary\CommonLibrary.csproj", "{9D37D39E-BB99-4B75-9F25-CD9D2C993915}"
EndProject
Project("{FAE04EC0-301F-11D3-BF4B-00C04F79EFBC}") = "Adapter.Tse", "Adapter.Tse\Adapter.Tse.csproj", "{F2B664D2-E241-4090-95B5-DF5EFD143688}"
EndProject
Project("{FAE04EC0-301F-11D3-BF4B-00C04F79EFBC}") = "Adapter.Tpex", "Adapter.Tpex\Adapter.Tpex.csproj", "{7653C870-2AE6-4412-9491-C8ADC6603F58}"
EndProject
Project("{FAE04EC0-301F-11D3-BF4B-00C04F79EFBC}") = "Adapter.TaifexFD", "Adapter.TaifexFD\Adapter.TaifexFD.csproj", "{C600FD06-AC63-4853-B6CF-52DF440D74A0}"
EndProject
Project("{FAE04EC0-301F-11D3-BF4B-00C04F79EFBC}") = "Adapter.TaifexOD", "Adapter.TaifexOD\Adapter.TaifexOD.csproj", "{D7CD1F99-56D3-42EF-B7A7-D6721515003D}"
EndProject
Project("{FAE04EC0-301F-11D3-BF4B-00C04F79EFBC}") = "Adapter.TaifexFN", "Adapter.TaifexFN\Adapter.TaifexFN.csproj", "{BA5A4BAC-3BDC-41CC-88D3-600980B680F3}"
EndProject
Project("{FAE04EC0-301F-11D3-BF4B-00C04F79EFBC}") = "Adapter.TaifexON", "Adapter.TaifexON\Adapter.TaifexON.csproj", "{F9FB473E-8A9F-4DC5-8921-F22AE68DB186}"
EndProject
Project("{FAE04EC0-301F-11D3-BF4B-00C04F79EFBC}") = "MarketDataApi", "MarketDataApi\MarketDataApi.csproj", "{4E233E12-B86B-46EF-9525-2922796D28DF}"
EndProject
Project("{FAE04EC0-301F-11D3-BF4B-00C04F79EFBC}") = "Adapter.Tpex2", "Adapter.Tpex2\Adapter.Tpex2.csproj", "{36932C90-12F1-4085-BE9C-C993907F0666}"
EndProject
Project("{FAE04EC0-301F-11D3-BF4B-00C04F79EFBC}") = "Adapter.Tse2", "Adapter.Tse2\Adapter.Tse2.csproj", "{F7F5B5BD-EDCD-41A9-B03D-A3E1FA3FAAA9}"
EndProject
Project("{FAE04EC0-301F-11D3-BF4B-00C04F79EFBC}") = "ESunnyPATSConverterApi", "ESunnyPATSConverterApi\ESunnyPATSConverterApi.csproj", "{832CD4D1-34B9-443A-A04C-6DAD52C64595}"
EndProject
Project("{FAE04EC0-301F-11D3-BF4B-00C04F79EFBC}") = "Service.Main", "Service.Main\Service.Main.csproj", "{8E465150-437B-4FD9-A1FD-2548EC85C801}"
EndProject
Project("{FAE04EC0-301F-11D3-BF4B-00C04F79EFBC}") = "Adapter.PatsGlobal", "Adapter.PatsGlobal\Adapter.PatsGlobal.csproj", "{23855980-6C06-4B57-89BC-44894A5AF280}"
EndProject
Project("{FAE04EC0-301F-11D3-BF4B-00C04F79EFBC}") = "Process.MDSnapshot", "Process.MDSnapshot\Process.MDSnapshot.csproj", "{2205BDEE-62A7-4054-BA78-DF2550680C1F}"
EndProject
Project("{FAE04EC0-301F-11D3-BF4B-00C04F79EFBC}") = "Process.RemoveMDSnapshot", "Process.RemoveMDSnapshot\Process.RemoveMDSnapshot.csproj", "{3032B25B-DD40-44FE-BC8F-C8743D05AB41}"
EndProject
Project("{FAE04EC0-301F-11D3-BF4B-00C04F79EFBC}") = "Process.DailyContract", "Process.DailyContract\Process.DailyContract.csproj", "{14A376E3-9B76-4A31-8AF6-D7A0ACD56478}"
EndProject
Project("{FAE04EC0-301F-11D3-BF4B-00C04F79EFBC}") = "Process.RemoveDailyContract", "Process.RemoveDailyContract\Process.RemoveDailyContract.csproj", "{0066D072-564E-4CC8-8CFA-F44741018A66}"
EndProject
Project("{FAE04EC0-301F-11D3-BF4B-00C04F79EFBC}") = "APIUserExample", "APIUserExample\APIUserExample.csproj", "{C243F413-58F7-4BCE-8A4B-1BF8492CB5C9}"
EndProject
Project("{2150E333-8FDC-42A3-9474-1A3956D46DE8}") = "UI", "UI", "{0DBE73B6-CF2A-4152-90D6-3EB8F6C9C9A1}"
EndProject
Project("{2150E333-8FDC-42A3-9474-1A3956D46DE8}") = "Custom", "Custom", "{1F02815A-FF2C-4888-8389-8848DE0695BF}"
EndProject
Project("{FAE04EC0-301F-11D3-BF4B-00C04F79EFBC}") = "MarketDataApiExample", "MarketDataApiExample\MarketDataApiExample.csproj", "{0BCACC2D-F194-4C16-830C-20E4BC29E739}"
EndProject
Project("{FAE04EC0-301F-11D3-BF4B-00C04F79EFBC}") = "Adapter.ReplayRedisMD", "Adapter.ReplayRedisMD\Adapter.ReplayRedisMD.csproj", "{E59DB3FC-4A83-45CE-9BAA-BE02FBDCD00B}"
EndProject
Project("{FAE04EC0-301F-11D3-BF4B-00C04F79EFBC}") = "Process.BaseMarketData", "Process.BaseMarketData\Process.BaseMarketData.csproj", "{443BB0CD-3F17-45EF-8BF7-02EE4004784C}"
EndProject
Project("{FAE04EC0-301F-11D3-BF4B-00C04F79EFBC}") = "Service.ZMQ.Gateway", "Service.ZMQ.Gateway\Service.ZMQ.Gateway.csproj", "{7588866E-A6D1-4A7B-903A-3C46AB316FAB}"
EndProject
Project("{FAE04EC0-301F-11D3-BF4B-00C04F79EFBC}") = "Service.ZMQ.Server", "Service.ZMQ.Server\Service.ZMQ.Server.csproj", "{6B14C8A0-4B5C-4794-807C-C2CBDF0381B8}"
EndProject
Project("{FAE04EC0-301F-11D3-BF4B-00C04F79EFBC}") = "ZMQ.Client", "ZMQ.Client\ZMQ.Client.csproj", "{76D47C48-9A15-4A1A-875A-8B678E21DE3C}"
EndProject
Project("{FAE04EC0-301F-11D3-BF4B-00C04F79EFBC}") = "Common", "Common\Common.csproj", "{404E40C8-2222-478E-92C0-64C5E9B41955}"
EndProject
Global
	GlobalSection(SolutionConfigurationPlatforms) = preSolution
		Debug|Any CPU = Debug|Any CPU
		Release|Any CPU = Release|Any CPU
	EndGlobalSection
	GlobalSection(ProjectConfigurationPlatforms) = postSolution
		{33310B91-BBD7-497F-A242-0AD485B9C9B2}.Debug|Any CPU.ActiveCfg = Debug|Any CPU
		{33310B91-BBD7-497F-A242-0AD485B9C9B2}.Debug|Any CPU.Build.0 = Debug|Any CPU
		{33310B91-BBD7-497F-A242-0AD485B9C9B2}.Release|Any CPU.ActiveCfg = Release|Any CPU
		{33310B91-BBD7-497F-A242-0AD485B9C9B2}.Release|Any CPU.Build.0 = Release|Any CPU
		{9D37D39E-BB99-4B75-9F25-CD9D2C993915}.Debug|Any CPU.ActiveCfg = Debug|Any CPU
		{9D37D39E-BB99-4B75-9F25-CD9D2C993915}.Debug|Any CPU.Build.0 = Debug|Any CPU
		{9D37D39E-BB99-4B75-9F25-CD9D2C993915}.Release|Any CPU.ActiveCfg = Release|Any CPU
		{9D37D39E-BB99-4B75-9F25-CD9D2C993915}.Release|Any CPU.Build.0 = Release|Any CPU
		{F2B664D2-E241-4090-95B5-DF5EFD143688}.Debug|Any CPU.ActiveCfg = Debug|Any CPU
		{F2B664D2-E241-4090-95B5-DF5EFD143688}.Debug|Any CPU.Build.0 = Debug|Any CPU
		{F2B664D2-E241-4090-95B5-DF5EFD143688}.Release|Any CPU.ActiveCfg = Release|Any CPU
		{F2B664D2-E241-4090-95B5-DF5EFD143688}.Release|Any CPU.Build.0 = Release|Any CPU
		{7653C870-2AE6-4412-9491-C8ADC6603F58}.Debug|Any CPU.ActiveCfg = Debug|Any CPU
		{7653C870-2AE6-4412-9491-C8ADC6603F58}.Debug|Any CPU.Build.0 = Debug|Any CPU
		{7653C870-2AE6-4412-9491-C8ADC6603F58}.Release|Any CPU.ActiveCfg = Release|Any CPU
		{7653C870-2AE6-4412-9491-C8ADC6603F58}.Release|Any CPU.Build.0 = Release|Any CPU
		{C600FD06-AC63-4853-B6CF-52DF440D74A0}.Debug|Any CPU.ActiveCfg = Debug|Any CPU
		{C600FD06-AC63-4853-B6CF-52DF440D74A0}.Debug|Any CPU.Build.0 = Debug|Any CPU
		{C600FD06-AC63-4853-B6CF-52DF440D74A0}.Debug|Any CPU.Deploy.0 = Debug|Any CPU
		{C600FD06-AC63-4853-B6CF-52DF440D74A0}.Release|Any CPU.ActiveCfg = Release|Any CPU
		{C600FD06-AC63-4853-B6CF-52DF440D74A0}.Release|Any CPU.Build.0 = Release|Any CPU
		{D7CD1F99-56D3-42EF-B7A7-D6721515003D}.Debug|Any CPU.ActiveCfg = Debug|Any CPU
		{D7CD1F99-56D3-42EF-B7A7-D6721515003D}.Debug|Any CPU.Build.0 = Debug|Any CPU
		{D7CD1F99-56D3-42EF-B7A7-D6721515003D}.Release|Any CPU.ActiveCfg = Release|Any CPU
		{D7CD1F99-56D3-42EF-B7A7-D6721515003D}.Release|Any CPU.Build.0 = Release|Any CPU
		{BA5A4BAC-3BDC-41CC-88D3-600980B680F3}.Debug|Any CPU.ActiveCfg = Debug|Any CPU
		{BA5A4BAC-3BDC-41CC-88D3-600980B680F3}.Debug|Any CPU.Build.0 = Debug|Any CPU
		{BA5A4BAC-3BDC-41CC-88D3-600980B680F3}.Release|Any CPU.ActiveCfg = Release|Any CPU
		{BA5A4BAC-3BDC-41CC-88D3-600980B680F3}.Release|Any CPU.Build.0 = Release|Any CPU
		{F9FB473E-8A9F-4DC5-8921-F22AE68DB186}.Debug|Any CPU.ActiveCfg = Debug|Any CPU
		{F9FB473E-8A9F-4DC5-8921-F22AE68DB186}.Debug|Any CPU.Build.0 = Debug|Any CPU
		{F9FB473E-8A9F-4DC5-8921-F22AE68DB186}.Release|Any CPU.ActiveCfg = Release|Any CPU
		{F9FB473E-8A9F-4DC5-8921-F22AE68DB186}.Release|Any CPU.Build.0 = Release|Any CPU
		{4E233E12-B86B-46EF-9525-2922796D28DF}.Debug|Any CPU.ActiveCfg = Debug|Any CPU
		{4E233E12-B86B-46EF-9525-2922796D28DF}.Debug|Any CPU.Build.0 = Debug|Any CPU
		{4E233E12-B86B-46EF-9525-2922796D28DF}.Release|Any CPU.ActiveCfg = Release|Any CPU
		{4E233E12-B86B-46EF-9525-2922796D28DF}.Release|Any CPU.Build.0 = Release|Any CPU
		{36932C90-12F1-4085-BE9C-C993907F0666}.Debug|Any CPU.ActiveCfg = Debug|Any CPU
		{36932C90-12F1-4085-BE9C-C993907F0666}.Debug|Any CPU.Build.0 = Debug|Any CPU
		{36932C90-12F1-4085-BE9C-C993907F0666}.Release|Any CPU.ActiveCfg = Release|Any CPU
		{36932C90-12F1-4085-BE9C-C993907F0666}.Release|Any CPU.Build.0 = Release|Any CPU
		{F7F5B5BD-EDCD-41A9-B03D-A3E1FA3FAAA9}.Debug|Any CPU.ActiveCfg = Debug|Any CPU
		{F7F5B5BD-EDCD-41A9-B03D-A3E1FA3FAAA9}.Debug|Any CPU.Build.0 = Debug|Any CPU
		{F7F5B5BD-EDCD-41A9-B03D-A3E1FA3FAAA9}.Release|Any CPU.ActiveCfg = Release|Any CPU
		{F7F5B5BD-EDCD-41A9-B03D-A3E1FA3FAAA9}.Release|Any CPU.Build.0 = Release|Any CPU
		{832CD4D1-34B9-443A-A04C-6DAD52C64595}.Debug|Any CPU.ActiveCfg = Debug|Any CPU
		{832CD4D1-34B9-443A-A04C-6DAD52C64595}.Debug|Any CPU.Build.0 = Debug|Any CPU
		{832CD4D1-34B9-443A-A04C-6DAD52C64595}.Release|Any CPU.ActiveCfg = Release|Any CPU
		{832CD4D1-34B9-443A-A04C-6DAD52C64595}.Release|Any CPU.Build.0 = Release|Any CPU
		{8E465150-437B-4FD9-A1FD-2548EC85C801}.Debug|Any CPU.ActiveCfg = Debug|Any CPU
		{8E465150-437B-4FD9-A1FD-2548EC85C801}.Debug|Any CPU.Build.0 = Debug|Any CPU
		{8E465150-437B-4FD9-A1FD-2548EC85C801}.Release|Any CPU.ActiveCfg = Release|Any CPU
		{8E465150-437B-4FD9-A1FD-2548EC85C801}.Release|Any CPU.Build.0 = Release|Any CPU
		{23855980-6C06-4B57-89BC-44894A5AF280}.Debug|Any CPU.ActiveCfg = Debug|Any CPU
		{23855980-6C06-4B57-89BC-44894A5AF280}.Debug|Any CPU.Build.0 = Debug|Any CPU
		{23855980-6C06-4B57-89BC-44894A5AF280}.Release|Any CPU.ActiveCfg = Release|Any CPU
		{23855980-6C06-4B57-89BC-44894A5AF280}.Release|Any CPU.Build.0 = Release|Any CPU
		{2205BDEE-62A7-4054-BA78-DF2550680C1F}.Debug|Any CPU.ActiveCfg = Debug|Any CPU
		{2205BDEE-62A7-4054-BA78-DF2550680C1F}.Debug|Any CPU.Build.0 = Debug|Any CPU
		{2205BDEE-62A7-4054-BA78-DF2550680C1F}.Release|Any CPU.ActiveCfg = Release|Any CPU
		{2205BDEE-62A7-4054-BA78-DF2550680C1F}.Release|Any CPU.Build.0 = Release|Any CPU
		{3032B25B-DD40-44FE-BC8F-C8743D05AB41}.Debug|Any CPU.ActiveCfg = Debug|Any CPU
		{3032B25B-DD40-44FE-BC8F-C8743D05AB41}.Debug|Any CPU.Build.0 = Debug|Any CPU
		{3032B25B-DD40-44FE-BC8F-C8743D05AB41}.Release|Any CPU.ActiveCfg = Release|Any CPU
		{3032B25B-DD40-44FE-BC8F-C8743D05AB41}.Release|Any CPU.Build.0 = Release|Any CPU
		{14A376E3-9B76-4A31-8AF6-D7A0ACD56478}.Debug|Any CPU.ActiveCfg = Debug|Any CPU
		{14A376E3-9B76-4A31-8AF6-D7A0ACD56478}.Debug|Any CPU.Build.0 = Debug|Any CPU
		{14A376E3-9B76-4A31-8AF6-D7A0ACD56478}.Release|Any CPU.ActiveCfg = Release|Any CPU
		{14A376E3-9B76-4A31-8AF6-D7A0ACD56478}.Release|Any CPU.Build.0 = Release|Any CPU
		{0066D072-564E-4CC8-8CFA-F44741018A66}.Debug|Any CPU.ActiveCfg = Debug|Any CPU
		{0066D072-564E-4CC8-8CFA-F44741018A66}.Debug|Any CPU.Build.0 = Debug|Any CPU
		{0066D072-564E-4CC8-8CFA-F44741018A66}.Release|Any CPU.ActiveCfg = Release|Any CPU
		{0066D072-564E-4CC8-8CFA-F44741018A66}.Release|Any CPU.Build.0 = Release|Any CPU
		{C243F413-58F7-4BCE-8A4B-1BF8492CB5C9}.Debug|Any CPU.ActiveCfg = Debug|Any CPU
		{C243F413-58F7-4BCE-8A4B-1BF8492CB5C9}.Debug|Any CPU.Build.0 = Debug|Any CPU
		{C243F413-58F7-4BCE-8A4B-1BF8492CB5C9}.Release|Any CPU.ActiveCfg = Release|Any CPU
		{C243F413-58F7-4BCE-8A4B-1BF8492CB5C9}.Release|Any CPU.Build.0 = Release|Any CPU
		{0BCACC2D-F194-4C16-830C-20E4BC29E739}.Debug|Any CPU.ActiveCfg = Debug|Any CPU
		{0BCACC2D-F194-4C16-830C-20E4BC29E739}.Debug|Any CPU.Build.0 = Debug|Any CPU
		{0BCACC2D-F194-4C16-830C-20E4BC29E739}.Release|Any CPU.ActiveCfg = Release|Any CPU
		{0BCACC2D-F194-4C16-830C-20E4BC29E739}.Release|Any CPU.Build.0 = Release|Any CPU
		{E59DB3FC-4A83-45CE-9BAA-BE02FBDCD00B}.Debug|Any CPU.ActiveCfg = Debug|Any CPU
		{E59DB3FC-4A83-45CE-9BAA-BE02FBDCD00B}.Debug|Any CPU.Build.0 = Debug|Any CPU
		{E59DB3FC-4A83-45CE-9BAA-BE02FBDCD00B}.Release|Any CPU.ActiveCfg = Release|Any CPU
		{E59DB3FC-4A83-45CE-9BAA-BE02FBDCD00B}.Release|Any CPU.Build.0 = Release|Any CPU
		{443BB0CD-3F17-45EF-8BF7-02EE4004784C}.Debug|Any CPU.ActiveCfg = Debug|Any CPU
		{443BB0CD-3F17-45EF-8BF7-02EE4004784C}.Debug|Any CPU.Build.0 = Debug|Any CPU
		{443BB0CD-3F17-45EF-8BF7-02EE4004784C}.Release|Any CPU.ActiveCfg = Release|Any CPU
		{443BB0CD-3F17-45EF-8BF7-02EE4004784C}.Release|Any CPU.Build.0 = Release|Any CPU
		{7588866E-A6D1-4A7B-903A-3C46AB316FAB}.Debug|Any CPU.ActiveCfg = Debug|Any CPU
		{7588866E-A6D1-4A7B-903A-3C46AB316FAB}.Debug|Any CPU.Build.0 = Debug|Any CPU
		{7588866E-A6D1-4A7B-903A-3C46AB316FAB}.Release|Any CPU.ActiveCfg = Release|Any CPU
		{7588866E-A6D1-4A7B-903A-3C46AB316FAB}.Release|Any CPU.Build.0 = Release|Any CPU
		{6B14C8A0-4B5C-4794-807C-C2CBDF0381B8}.Debug|Any CPU.ActiveCfg = Debug|Any CPU
		{6B14C8A0-4B5C-4794-807C-C2CBDF0381B8}.Debug|Any CPU.Build.0 = Debug|Any CPU
		{6B14C8A0-4B5C-4794-807C-C2CBDF0381B8}.Release|Any CPU.ActiveCfg = Release|Any CPU
		{6B14C8A0-4B5C-4794-807C-C2CBDF0381B8}.Release|Any CPU.Build.0 = Release|Any CPU
		{76D47C48-9A15-4A1A-875A-8B678E21DE3C}.Debug|Any CPU.ActiveCfg = Debug|Any CPU
		{76D47C48-9A15-4A1A-875A-8B678E21DE3C}.Debug|Any CPU.Build.0 = Debug|Any CPU
		{76D47C48-9A15-4A1A-875A-8B678E21DE3C}.Release|Any CPU.ActiveCfg = Release|Any CPU
		{76D47C48-9A15-4A1A-875A-8B678E21DE3C}.Release|Any CPU.Build.0 = Release|Any CPU
		{404E40C8-2222-478E-92C0-64C5E9B41955}.Debug|Any CPU.ActiveCfg = Debug|Any CPU
		{404E40C8-2222-478E-92C0-64C5E9B41955}.Debug|Any CPU.Build.0 = Debug|Any CPU
		{404E40C8-2222-478E-92C0-64C5E9B41955}.Release|Any CPU.ActiveCfg = Release|Any CPU
		{404E40C8-2222-478E-92C0-64C5E9B41955}.Release|Any CPU.Build.0 = Release|Any CPU
	EndGlobalSection
	GlobalSection(SolutionProperties) = preSolution
		HideSolutionNode = FALSE
	EndGlobalSection
	GlobalSection(NestedProjects) = preSolution
		{C243F413-58F7-4BCE-8A4B-1BF8492CB5C9} = {0DBE73B6-CF2A-4152-90D6-3EB8F6C9C9A1}
		{0BCACC2D-F194-4C16-830C-20E4BC29E739} = {0DBE73B6-CF2A-4152-90D6-3EB8F6C9C9A1}
		{E59DB3FC-4A83-45CE-9BAA-BE02FBDCD00B} = {1F02815A-FF2C-4888-8389-8848DE0695BF}
		{443BB0CD-3F17-45EF-8BF7-02EE4004784C} = {1F02815A-FF2C-4888-8389-8848DE0695BF}
		{7588866E-A6D1-4A7B-903A-3C46AB316FAB} = {1F02815A-FF2C-4888-8389-8848DE0695BF}
		{6B14C8A0-4B5C-4794-807C-C2CBDF0381B8} = {1F02815A-FF2C-4888-8389-8848DE0695BF}
		{76D47C48-9A15-4A1A-875A-8B678E21DE3C} = {1F02815A-FF2C-4888-8389-8848DE0695BF}
		{404E40C8-2222-478E-92C0-64C5E9B41955} = {0DBE73B6-CF2A-4152-90D6-3EB8F6C9C9A1}
	EndGlobalSection
	GlobalSection(ExtensibilityGlobals) = postSolution
		SolutionGuid = {6C4088DE-210E-45D8-B2A2-E7D5F0F3CFCD}
	EndGlobalSection
EndGlobal
