
Microsoft Visual Studio Solution File, Format Version 12.00
# Visual Studio 14
VisualStudioVersion = 14.0.25420.1
MinimumVisualStudioVersion = 10.0.40219.1
Project("{FAE04EC0-301F-11D3-BF4B-00C04F79EFBC}") = "Proxy", "Proxy\Proxy.csproj", "{33310B91-BBD7-497F-A242-0AD485B9C9B2}"
EndProject
Project("{FAE04EC0-301F-11D3-BF4B-00C04F79EFBC}") = "CommonLibrary", "CommonLibrary\CommonLibrary.csproj", "{9D37D39E-BB99-4B75-9F25-CD9D2C993915}"
EndProject
Project("{FAE04EC0-301F-11D3-BF4B-00C04F79EFBC}") = "Adapter.Tse", "Adapter.Tse\Adapter.Tse.csproj", "{F2B664D2-E241-4090-95B5-DF5EFD143688}"
EndProject
Project("{FAE04EC0-301F-11D3-BF4B-00C04F79EFBC}") = "Adapter.Tpex", "Adapter.Tpex\Adapter.Tpex.csproj", "{7653C870-2AE6-4412-9491-C8ADC6603F58}"
EndProject
Project("{FAE04EC0-301F-11D3-BF4B-00C04F79EFBC}") = "Adapter.TaifexFD", "Adapter.TaifexFD\Adapter.TaifexFD.csproj", "{C600FD06-AC63-4853-B6CF-52DF440D74A0}"
EndProject
Project("{FAE04EC0-301F-11D3-BF4B-00C04F79EFBC}") = "Adapter.TaifexOD", "Adapter.TaifexOD\Adapter.TaifexOD.csproj", "{D7CD1F99-56D3-42EF-B7A7-D6721515003D}"
EndProject
Project("{FAE04EC0-301F-11D3-BF4B-00C04F79EFBC}") = "Adapter.TaifexFN", "Adapter.TaifexFN\Adapter.TaifexFN.csproj", "{BA5A4BAC-3BDC-41CC-88D3-600980B680F3}"
EndProject
Project("{FAE04EC0-301F-11D3-BF4B-00C04F79EFBC}") = "Adapter.TaifexON", "Adapter.TaifexON\Adapter.TaifexON.csproj", "{F9FB473E-8A9F-4DC5-8921-F22AE68DB186}"
EndProject
Project("{FAE04EC0-301F-11D3-BF4B-00C04F79EFBC}") = "MarketDataApi", "MarketDataApi\MarketDataApi.csproj", "{4E233E12-B86B-46EF-9525-2922796D28DF}"
EndProject
Project("{FAE04EC0-301F-11D3-BF4B-00C04F79EFBC}") = "Adapter.ESGlobalMD", "Adapter.ESGlobalMD\Adapter.ESGlobalMD.csproj", "{712FD110-AEB8-42DB-B499-623477555E9C}"
EndProject
Project("{FAE04EC0-301F-11D3-BF4B-00C04F79EFBC}") = "MarketDataApiExample", "MarketDataApiExample\MarketDataApiExample.csproj", "{0BCACC2D-F194-4C16-830C-20E4BC29E739}"
EndProject
Project("{FAE04EC0-301F-11D3-BF4B-00C04F79EFBC}") = "Adapter.TaifexGlobalPATS", "Adapter.TaifexGlobalPATS\Adapter.TaifexGlobalPATS.csproj", "{7DDDB182-E823-43C9-9D4D-621E66C35803}"
EndProject
Project("{FAE04EC0-301F-11D3-BF4B-00C04F79EFBC}") = "Service.Redis.GlobalMD", "Service.Redis.GlobalMD\Service.Redis.GlobalMD.csproj", "{3C6EDEA0-60AE-40C2-926B-AB4106E83DE3}"
EndProject
Project("{FAE04EC0-301F-11D3-BF4B-00C04F79EFBC}") = "Adapter.Tpex2", "Adapter.Tpex2\Adapter.Tpex2.csproj", "{36932C90-12F1-4085-BE9C-C993907F0666}"
EndProject
Project("{FAE04EC0-301F-11D3-BF4B-00C04F79EFBC}") = "Adapter.Tse2", "Adapter.Tse2\Adapter.Tse2.csproj", "{F7F5B5BD-EDCD-41A9-B03D-A3E1FA3FAAA9}"
EndProject
Project("{FAE04EC0-301F-11D3-BF4B-00C04F79EFBC}") = "Service.Redis.CleanMD", "Service.Redis.CleanMD\Service.Redis.CleanMD.csproj", "{DAD71C71-F488-4BF3-8A37-D13FE46BFEC7}"
EndProject
Project("{FAE04EC0-301F-11D3-BF4B-00C04F79EFBC}") = "Service.ZMQ.Gateway", "Service.ZMQ.Gateway\Service.ZMQ.Gateway.csproj", "{7588866E-A6D1-4A7B-903A-3C46AB316FAB}"
EndProject
Project("{FAE04EC0-301F-11D3-BF4B-00C04F79EFBC}") = "ZMQ.Client", "ZMQ.Client\ZMQ.Client.csproj", "{76D47C48-9A15-4A1A-875A-8B678E21DE3C}"
EndProject
Project("{FAE04EC0-301F-11D3-BF4B-00C04F79EFBC}") = "Service.ZMQ.Server", "Service.ZMQ.Server\Service.ZMQ.Server.csproj", "{6B14C8A0-4B5C-4794-807C-C2CBDF0381B8}"
EndProject
Project("{FAE04EC0-301F-11D3-BF4B-00C04F79EFBC}") = "ESunnyPATSConverterApi", "ESunnyPATSConverterApi\ESunnyPATSConverterApi.csproj", "{832CD4D1-34B9-443A-A04C-6DAD52C64595}"
EndProject
Project("{FAE04EC0-301F-11D3-BF4B-00C04F79EFBC}") = "Adapter.ReplayRedisMD", "Adapter.ReplayRedisMD\Adapter.ReplayRedisMD.csproj", "{E59DB3FC-4A83-45CE-9BAA-BE02FBDCD00B}"
EndProject
Project("{FAE04EC0-301F-11D3-BF4B-00C04F79EFBC}") = "Process.BaseMarketData", "Process.BaseMarketData\Process.BaseMarketData.csproj", "{443BB0CD-3F17-45EF-8BF7-02EE4004784C}"
EndProject
Project("{FAE04EC0-301F-11D3-BF4B-00C04F79EFBC}") = "Process.CleanMarketData", "Process.CleanMarketData\Process.CleanMarketData.csproj", "{F0D067D5-D1F0-4696-B56E-44BFB6A96D6D}"
EndProject
Project("{FAE04EC0-301F-11D3-BF4B-00C04F79EFBC}") = "Process.MarketDataSnapshot", "Process.MarketDataSnapshot\Process.MarketDataSnapshot.csproj", "{34AD77CE-E5E7-4423-BCAB-876399BAFA54}"
EndProject
Global
	GlobalSection(SolutionConfigurationPlatforms) = preSolution
		Debug|Any CPU = Debug|Any CPU
		Release|Any CPU = Release|Any CPU
	EndGlobalSection
	GlobalSection(ProjectConfigurationPlatforms) = postSolution
		{33310B91-BBD7-497F-A242-0AD485B9C9B2}.Debug|Any CPU.ActiveCfg = Debug|Any CPU
		{33310B91-BBD7-497F-A242-0AD485B9C9B2}.Debug|Any CPU.Build.0 = Debug|Any CPU
		{33310B91-BBD7-497F-A242-0AD485B9C9B2}.Release|Any CPU.ActiveCfg = Release|Any CPU
		{33310B91-BBD7-497F-A242-0AD485B9C9B2}.Release|Any CPU.Build.0 = Release|Any CPU
		{9D37D39E-BB99-4B75-9F25-CD9D2C993915}.Debug|Any CPU.ActiveCfg = Debug|Any CPU
		{9D37D39E-BB99-4B75-9F25-CD9D2C993915}.Debug|Any CPU.Build.0 = Debug|Any CPU
		{9D37D39E-BB99-4B75-9F25-CD9D2C993915}.Release|Any CPU.ActiveCfg = Release|Any CPU
		{9D37D39E-BB99-4B75-9F25-CD9D2C993915}.Release|Any CPU.Build.0 = Release|Any CPU
		{F2B664D2-E241-4090-95B5-DF5EFD143688}.Debug|Any CPU.ActiveCfg = Debug|Any CPU
		{F2B664D2-E241-4090-95B5-DF5EFD143688}.Debug|Any CPU.Build.0 = Debug|Any CPU
		{F2B664D2-E241-4090-95B5-DF5EFD143688}.Release|Any CPU.ActiveCfg = Release|Any CPU
		{F2B664D2-E241-4090-95B5-DF5EFD143688}.Release|Any CPU.Build.0 = Release|Any CPU
		{7653C870-2AE6-4412-9491-C8ADC6603F58}.Debug|Any CPU.ActiveCfg = Debug|Any CPU
		{7653C870-2AE6-4412-9491-C8ADC6603F58}.Debug|Any CPU.Build.0 = Debug|Any CPU
		{7653C870-2AE6-4412-9491-C8ADC6603F58}.Release|Any CPU.ActiveCfg = Release|Any CPU
		{7653C870-2AE6-4412-9491-C8ADC6603F58}.Release|Any CPU.Build.0 = Release|Any CPU
		{C600FD06-AC63-4853-B6CF-52DF440D74A0}.Debug|Any CPU.ActiveCfg = Debug|Any CPU
		{C600FD06-AC63-4853-B6CF-52DF440D74A0}.Debug|Any CPU.Build.0 = Debug|Any CPU
		{C600FD06-AC63-4853-B6CF-52DF440D74A0}.Debug|Any CPU.Deploy.0 = Debug|Any CPU
		{C600FD06-AC63-4853-B6CF-52DF440D74A0}.Release|Any CPU.ActiveCfg = Release|Any CPU
		{C600FD06-AC63-4853-B6CF-52DF440D74A0}.Release|Any CPU.Build.0 = Release|Any CPU
		{D7CD1F99-56D3-42EF-B7A7-D6721515003D}.Debug|Any CPU.ActiveCfg = Debug|Any CPU
		{D7CD1F99-56D3-42EF-B7A7-D6721515003D}.Debug|Any CPU.Build.0 = Debug|Any CPU
		{D7CD1F99-56D3-42EF-B7A7-D6721515003D}.Release|Any CPU.ActiveCfg = Release|Any CPU
		{D7CD1F99-56D3-42EF-B7A7-D6721515003D}.Release|Any CPU.Build.0 = Release|Any CPU
		{BA5A4BAC-3BDC-41CC-88D3-600980B680F3}.Debug|Any CPU.ActiveCfg = Debug|Any CPU
		{BA5A4BAC-3BDC-41CC-88D3-600980B680F3}.Debug|Any CPU.Build.0 = Debug|Any CPU
		{BA5A4BAC-3BDC-41CC-88D3-600980B680F3}.Release|Any CPU.ActiveCfg = Release|Any CPU
		{BA5A4BAC-3BDC-41CC-88D3-600980B680F3}.Release|Any CPU.Build.0 = Release|Any CPU
		{F9FB473E-8A9F-4DC5-8921-F22AE68DB186}.Debug|Any CPU.ActiveCfg = Debug|Any CPU
		{F9FB473E-8A9F-4DC5-8921-F22AE68DB186}.Debug|Any CPU.Build.0 = Debug|Any CPU
		{F9FB473E-8A9F-4DC5-8921-F22AE68DB186}.Release|Any CPU.ActiveCfg = Release|Any CPU
		{F9FB473E-8A9F-4DC5-8921-F22AE68DB186}.Release|Any CPU.Build.0 = Release|Any CPU
		{4E233E12-B86B-46EF-9525-2922796D28DF}.Debug|Any CPU.ActiveCfg = Debug|Any CPU
		{4E233E12-B86B-46EF-9525-2922796D28DF}.Debug|Any CPU.Build.0 = Debug|Any CPU
		{4E233E12-B86B-46EF-9525-2922796D28DF}.Release|Any CPU.ActiveCfg = Release|Any CPU
		{4E233E12-B86B-46EF-9525-2922796D28DF}.Release|Any CPU.Build.0 = Release|Any CPU
		{712FD110-AEB8-42DB-B499-623477555E9C}.Debug|Any CPU.ActiveCfg = Debug|Any CPU
		{712FD110-AEB8-42DB-B499-623477555E9C}.Debug|Any CPU.Build.0 = Debug|Any CPU
		{712FD110-AEB8-42DB-B499-623477555E9C}.Release|Any CPU.ActiveCfg = Release|Any CPU
		{712FD110-AEB8-42DB-B499-623477555E9C}.Release|Any CPU.Build.0 = Release|Any CPU
		{0BCACC2D-F194-4C16-830C-20E4BC29E739}.Debug|Any CPU.ActiveCfg = Debug|Any CPU
		{0BCACC2D-F194-4C16-830C-20E4BC29E739}.Debug|Any CPU.Build.0 = Debug|Any CPU
		{0BCACC2D-F194-4C16-830C-20E4BC29E739}.Release|Any CPU.ActiveCfg = Release|Any CPU
		{0BCACC2D-F194-4C16-830C-20E4BC29E739}.Release|Any CPU.Build.0 = Release|Any CPU
		{7DDDB182-E823-43C9-9D4D-621E66C35803}.Debug|Any CPU.ActiveCfg = Debug|Any CPU
		{7DDDB182-E823-43C9-9D4D-621E66C35803}.Debug|Any CPU.Build.0 = Debug|Any CPU
		{7DDDB182-E823-43C9-9D4D-621E66C35803}.Release|Any CPU.ActiveCfg = Release|Any CPU
		{7DDDB182-E823-43C9-9D4D-621E66C35803}.Release|Any CPU.Build.0 = Release|Any CPU
		{3C6EDEA0-60AE-40C2-926B-AB4106E83DE3}.Debug|Any CPU.ActiveCfg = Debug|Any CPU
		{3C6EDEA0-60AE-40C2-926B-AB4106E83DE3}.Debug|Any CPU.Build.0 = Debug|Any CPU
		{3C6EDEA0-60AE-40C2-926B-AB4106E83DE3}.Release|Any CPU.ActiveCfg = Release|Any CPU
		{3C6EDEA0-60AE-40C2-926B-AB4106E83DE3}.Release|Any CPU.Build.0 = Release|Any CPU
		{36932C90-12F1-4085-BE9C-C993907F0666}.Debug|Any CPU.ActiveCfg = Debug|Any CPU
		{36932C90-12F1-4085-BE9C-C993907F0666}.Debug|Any CPU.Build.0 = Debug|Any CPU
		{36932C90-12F1-4085-BE9C-C993907F0666}.Release|Any CPU.ActiveCfg = Release|Any CPU
		{36932C90-12F1-4085-BE9C-C993907F0666}.Release|Any CPU.Build.0 = Release|Any CPU
		{F7F5B5BD-EDCD-41A9-B03D-A3E1FA3FAAA9}.Debug|Any CPU.ActiveCfg = Debug|Any CPU
		{F7F5B5BD-EDCD-41A9-B03D-A3E1FA3FAAA9}.Debug|Any CPU.Build.0 = Debug|Any CPU
		{F7F5B5BD-EDCD-41A9-B03D-A3E1FA3FAAA9}.Release|Any CPU.ActiveCfg = Release|Any CPU
		{F7F5B5BD-EDCD-41A9-B03D-A3E1FA3FAAA9}.Release|Any CPU.Build.0 = Release|Any CPU
		{DAD71C71-F488-4BF3-8A37-D13FE46BFEC7}.Debug|Any CPU.ActiveCfg = Debug|Any CPU
		{DAD71C71-F488-4BF3-8A37-D13FE46BFEC7}.Debug|Any CPU.Build.0 = Debug|Any CPU
		{DAD71C71-F488-4BF3-8A37-D13FE46BFEC7}.Release|Any CPU.ActiveCfg = Release|Any CPU
		{DAD71C71-F488-4BF3-8A37-D13FE46BFEC7}.Release|Any CPU.Build.0 = Release|Any CPU
		{7588866E-A6D1-4A7B-903A-3C46AB316FAB}.Debug|Any CPU.ActiveCfg = Debug|Any CPU
		{7588866E-A6D1-4A7B-903A-3C46AB316FAB}.Debug|Any CPU.Build.0 = Debug|Any CPU
		{7588866E-A6D1-4A7B-903A-3C46AB316FAB}.Release|Any CPU.ActiveCfg = Release|Any CPU
		{7588866E-A6D1-4A7B-903A-3C46AB316FAB}.Release|Any CPU.Build.0 = Release|Any CPU
		{76D47C48-9A15-4A1A-875A-8B678E21DE3C}.Debug|Any CPU.ActiveCfg = Debug|Any CPU
		{76D47C48-9A15-4A1A-875A-8B678E21DE3C}.Debug|Any CPU.Build.0 = Debug|Any CPU
		{76D47C48-9A15-4A1A-875A-8B678E21DE3C}.Release|Any CPU.ActiveCfg = Release|Any CPU
		{76D47C48-9A15-4A1A-875A-8B678E21DE3C}.Release|Any CPU.Build.0 = Release|Any CPU
		{6B14C8A0-4B5C-4794-807C-C2CBDF0381B8}.Debug|Any CPU.ActiveCfg = Debug|Any CPU
		{6B14C8A0-4B5C-4794-807C-C2CBDF0381B8}.Debug|Any CPU.Build.0 = Debug|Any CPU
		{6B14C8A0-4B5C-4794-807C-C2CBDF0381B8}.Release|Any CPU.ActiveCfg = Release|Any CPU
		{6B14C8A0-4B5C-4794-807C-C2CBDF0381B8}.Release|Any CPU.Build.0 = Release|Any CPU
		{832CD4D1-34B9-443A-A04C-6DAD52C64595}.Debug|Any CPU.ActiveCfg = Debug|Any CPU
		{832CD4D1-34B9-443A-A04C-6DAD52C64595}.Debug|Any CPU.Build.0 = Debug|Any CPU
		{832CD4D1-34B9-443A-A04C-6DAD52C64595}.Release|Any CPU.ActiveCfg = Release|Any CPU
		{832CD4D1-34B9-443A-A04C-6DAD52C64595}.Release|Any CPU.Build.0 = Release|Any CPU
		{E59DB3FC-4A83-45CE-9BAA-BE02FBDCD00B}.Debug|Any CPU.ActiveCfg = Debug|Any CPU
		{E59DB3FC-4A83-45CE-9BAA-BE02FBDCD00B}.Debug|Any CPU.Build.0 = Debug|Any CPU
		{E59DB3FC-4A83-45CE-9BAA-BE02FBDCD00B}.Release|Any CPU.ActiveCfg = Release|Any CPU
		{E59DB3FC-4A83-45CE-9BAA-BE02FBDCD00B}.Release|Any CPU.Build.0 = Release|Any CPU
		{443BB0CD-3F17-45EF-8BF7-02EE4004784C}.Debug|Any CPU.ActiveCfg = Debug|Any CPU
		{443BB0CD-3F17-45EF-8BF7-02EE4004784C}.Debug|Any CPU.Build.0 = Debug|Any CPU
		{443BB0CD-3F17-45EF-8BF7-02EE4004784C}.Release|Any CPU.ActiveCfg = Release|Any CPU
		{443BB0CD-3F17-45EF-8BF7-02EE4004784C}.Release|Any CPU.Build.0 = Release|Any CPU
		{F0D067D5-D1F0-4696-B56E-44BFB6A96D6D}.Debug|Any CPU.ActiveCfg = Debug|Any CPU
		{F0D067D5-D1F0-4696-B56E-44BFB6A96D6D}.Debug|Any CPU.Build.0 = Debug|Any CPU
		{F0D067D5-D1F0-4696-B56E-44BFB6A96D6D}.Release|Any CPU.ActiveCfg = Release|Any CPU
		{F0D067D5-D1F0-4696-B56E-44BFB6A96D6D}.Release|Any CPU.Build.0 = Release|Any CPU
		{34AD77CE-E5E7-4423-BCAB-876399BAFA54}.Debug|Any CPU.ActiveCfg = Debug|Any CPU
		{34AD77CE-E5E7-4423-BCAB-876399BAFA54}.Debug|Any CPU.Build.0 = Debug|Any CPU
		{34AD77CE-E5E7-4423-BCAB-876399BAFA54}.Release|Any CPU.ActiveCfg = Release|Any CPU
		{34AD77CE-E5E7-4423-BCAB-876399BAFA54}.Release|Any CPU.Build.0 = Release|Any CPU
	EndGlobalSection
	GlobalSection(SolutionProperties) = preSolution
		HideSolutionNode = FALSE
	EndGlobalSection
EndGlobal
